
Microsoft Visual Studio Solution File, Format Version 12.00
# Visual Studio Version 17
VisualStudioVersion = 17.11.35312.102
MinimumVisualStudioVersion = 10.0.40219.1
Project("{FAE04EC0-301F-11D3-BF4B-00C04F79EFBC}") = "Developer Assessment", "Developer Assessment\Developer Assessment.csproj", "{D0FAD5D5-63DB-435A-8378-BDAD2B6FBFA6}"
EndProject
Global
	GlobalSection(SolutionConfigurationPlatforms) = preSolution
		Debug|Any CPU = Debug|Any CPU
		Release|Any CPU = Release|Any CPU
	EndGlobalSection
	GlobalSection(ProjectConfigurationPlatforms) = postSolution
		{D0FAD5D5-63DB-435A-8378-BDAD2B6FBFA6}.Debug|Any CPU.ActiveCfg = Debug|Any CPU
		{D0FAD5D5-63DB-435A-8378-BDAD2B6FBFA6}.Debug|Any CPU.Build.0 = Debug|Any CPU
		{D0FAD5D5-63DB-435A-8378-BDAD2B6FBFA6}.Release|Any CPU.ActiveCfg = Release|Any CPU
		{D0FAD5D5-63DB-435A-8378-BDAD2B6FBFA6}.Release|Any CPU.Build.0 = Release|Any CPU
	EndGlobalSection
	GlobalSection(SolutionProperties) = preSolution
		HideSolutionNode = FALSE
	EndGlobalSection
	GlobalSection(ExtensibilityGlobals) = postSolution
		SolutionGuid = {4845BA53-C27A-4203-AE11-EEA902167E17}
	EndGlobalSection
EndGlobal
